{
  "name": "shop_app_uni",
  "version": "1.0.0",
  "lockfileVersion": 1,
  "requires": true,
  "dependencies": {
    "uview-ui": {
      "version": "2.0.11",
      "resolved": "https://registry.npmjs.org/uview-ui/-/uview-ui-2.0.11.tgz",
      "integrity": "sha512-pqr3+OwOVXGfdDD/uGxQELT58wLalH3CEaiSafkid0LCNijuP7UGsMqFKv7l5tGe8tt8mgAjpB2fsLeIjRE9AA=="
    }
  }
}
